
Microsoft Visual Studio Solution File, Format Version 12.00
# Visual Studio Version 17
VisualStudioVersion = 17.10.35013.160
MinimumVisualStudioVersion = 10.0.40219.1
Project("{FAE04EC0-301F-11D3-BF4B-00C04F79EFBC}") = "YetAnotherRPN.WinForms", "YetAnotherRPN.WinForms\YetAnotherRPN.WinForms.csproj", "{20A0FFD3-9308-4B5E-A041-52618AAB4852}"
EndProject
Project("{FAE04EC0-301F-11D3-BF4B-00C04F79EFBC}") = "YetAnotherRPN", "YetAnotherRPN\YetAnotherRPN.csproj", "{1687BC8E-5ADF-4230-B1C6-E9613405A433}"
EndProject
Project("{FAE04EC0-301F-11D3-BF4B-00C04F79EFBC}") = "YetAnotherRPN.Tests", "YetAnotherRPN.Tests\YetAnotherRPN.Tests.csproj", "{03A39B08-DD50-47DF-B98C-110DAE8DFB12}"
EndProject
Global
	GlobalSection(SolutionConfigurationPlatforms) = preSolution
		Debug|Any CPU = Debug|Any CPU
		Release|Any CPU = Release|Any CPU
	EndGlobalSection
	GlobalSection(ProjectConfigurationPlatforms) = postSolution
		{20A0FFD3-9308-4B5E-A041-52618AAB4852}.Debug|Any CPU.ActiveCfg = Debug|Any CPU
		{20A0FFD3-9308-4B5E-A041-52618AAB4852}.Debug|Any CPU.Build.0 = Debug|Any CPU
		{20A0FFD3-9308-4B5E-A041-52618AAB4852}.Release|Any CPU.ActiveCfg = Release|Any CPU
		{20A0FFD3-9308-4B5E-A041-52618AAB4852}.Release|Any CPU.Build.0 = Release|Any CPU
		{1687BC8E-5ADF-4230-B1C6-E9613405A433}.Debug|Any CPU.ActiveCfg = Debug|Any CPU
		{1687BC8E-5ADF-4230-B1C6-E9613405A433}.Debug|Any CPU.Build.0 = Debug|Any CPU
		{1687BC8E-5ADF-4230-B1C6-E9613405A433}.Release|Any CPU.ActiveCfg = Release|Any CPU
		{1687BC8E-5ADF-4230-B1C6-E9613405A433}.Release|Any CPU.Build.0 = Release|Any CPU
		{03A39B08-DD50-47DF-B98C-110DAE8DFB12}.Debug|Any CPU.ActiveCfg = Debug|Any CPU
		{03A39B08-DD50-47DF-B98C-110DAE8DFB12}.Debug|Any CPU.Build.0 = Debug|Any CPU
		{03A39B08-DD50-47DF-B98C-110DAE8DFB12}.Release|Any CPU.ActiveCfg = Release|Any CPU
		{03A39B08-DD50-47DF-B98C-110DAE8DFB12}.Release|Any CPU.Build.0 = Release|Any CPU
	EndGlobalSection
	GlobalSection(SolutionProperties) = preSolution
		HideSolutionNode = FALSE
	EndGlobalSection
	GlobalSection(ExtensibilityGlobals) = postSolution
		SolutionGuid = {E077E822-BB66-45C0-BED5-B264FA46E264}
	EndGlobalSection
EndGlobal
